
Microsoft Visual Studio Solution File, Format Version 12.00
# Visual Studio Version 17
VisualStudioVersion = 17.8.34330.188
MinimumVisualStudioVersion = 10.0.40219.1
Project("{8BC9CEB8-8B4A-11D0-8D11-00A0C91BC942}") = "EASYTEST", "EASYTEST\EASYTEST.vcxproj", "{C661C648-A61D-4957-B7DD-F6FC944AF65D}"
EndProject
Project("{8BC9CEB8-8B4A-11D0-8D11-00A0C91BC942}") = "NewPoolTest", "NewPoolTest\NewPoolTest.vcxproj", "{5DAF39C3-AF04-461B-B89D-FAA7620429EC}"
EndProject
Global
	GlobalSection(SolutionConfigurationPlatforms) = preSolution
		Debug|x64 = Debug|x64
		Debug|x86 = Debug|x86
		Release|x64 = Release|x64
		Release|x86 = Release|x86
	EndGlobalSection
	GlobalSection(ProjectConfigurationPlatforms) = postSolution
		{C661C648-A61D-4957-B7DD-F6FC944AF65D}.Debug|x64.ActiveCfg = Debug|x64
		{C661C648-A61D-4957-B7DD-F6FC944AF65D}.Debug|x64.Build.0 = Debug|x64
		{C661C648-A61D-4957-B7DD-F6FC944AF65D}.Debug|x86.ActiveCfg = Debug|Win32
		{C661C648-A61D-4957-B7DD-F6FC944AF65D}.Debug|x86.Build.0 = Debug|Win32
		{C661C648-A61D-4957-B7DD-F6FC944AF65D}.Release|x64.ActiveCfg = Release|x64
		{C661C648-A61D-4957-B7DD-F6FC944AF65D}.Release|x64.Build.0 = Release|x64
		{C661C648-A61D-4957-B7DD-F6FC944AF65D}.Release|x86.ActiveCfg = Release|Win32
		{C661C648-A61D-4957-B7DD-F6FC944AF65D}.Release|x86.Build.0 = Release|Win32
		{5DAF39C3-AF04-461B-B89D-FAA7620429EC}.Debug|x64.ActiveCfg = Debug|x64
		{5DAF39C3-AF04-461B-B89D-FAA7620429EC}.Debug|x64.Build.0 = Debug|x64
		{5DAF39C3-AF04-461B-B89D-FAA7620429EC}.Debug|x86.ActiveCfg = Debug|Win32
		{5DAF39C3-AF04-461B-B89D-FAA7620429EC}.Debug|x86.Build.0 = Debug|Win32
		{5DAF39C3-AF04-461B-B89D-FAA7620429EC}.Release|x64.ActiveCfg = Release|x64
		{5DAF39C3-AF04-461B-B89D-FAA7620429EC}.Release|x64.Build.0 = Release|x64
		{5DAF39C3-AF04-461B-B89D-FAA7620429EC}.Release|x86.ActiveCfg = Release|Win32
		{5DAF39C3-AF04-461B-B89D-FAA7620429EC}.Release|x86.Build.0 = Release|Win32
	EndGlobalSection
	GlobalSection(SolutionProperties) = preSolution
		HideSolutionNode = FALSE
	EndGlobalSection
	GlobalSection(ExtensibilityGlobals) = postSolution
		SolutionGuid = {01EB1630-7D2E-4A52-9438-D167B18B817F}
	EndGlobalSection
EndGlobal
